
Microsoft Visual Studio Solution File, Format Version 12.00
# Visual Studio Version 17
VisualStudioVersion = 17.5.33530.505
MinimumVisualStudioVersion = 10.0.40219.1
Project("{FAE04EC0-301F-11D3-BF4B-00C04F79EFBC}") = "ConsoleApp1", "ConsoleApp1\ConsoleApp1.csproj", "{1CFBF494-70A5-4500-8B37-7CE108FECBEB}"
EndProject
Global
	GlobalSection(SolutionConfigurationPlatforms) = preSolution
		Debug|Any CPU = Debug|Any CPU
		Release|Any CPU = Release|Any CPU
	EndGlobalSection
	GlobalSection(ProjectConfigurationPlatforms) = postSolution
		{1CFBF494-70A5-4500-8B37-7CE108FECBEB}.Debug|Any CPU.ActiveCfg = Debug|Any CPU
		{1CFBF494-70A5-4500-8B37-7CE108FECBEB}.Debug|Any CPU.Build.0 = Debug|Any CPU
		{1CFBF494-70A5-4500-8B37-7CE108FECBEB}.Release|Any CPU.ActiveCfg = Release|Any CPU
		{1CFBF494-70A5-4500-8B37-7CE108FECBEB}.Release|Any CPU.Build.0 = Release|Any CPU
	EndGlobalSection
	GlobalSection(SolutionProperties) = preSolution
		HideSolutionNode = FALSE
	EndGlobalSection
	GlobalSection(ExtensibilityGlobals) = postSolution
		SolutionGuid = {2EFEE163-62C0-423A-B21C-193D6724CE84}
	EndGlobalSection
EndGlobal
